
Microsoft Visual Studio Solution File, Format Version 12.00
# Visual Studio Version 17
VisualStudioVersion = 17.6.33815.320
MinimumVisualStudioVersion = 10.0.40219.1
Project("{9A19103F-16F7-4668-BE54-9A1E7A4F7556}") = "Szorzotabla", "Szorzotabla\Szorzotabla.csproj", "{A70FB04A-CF6E-4BFA-A8EE-6FF3E94A80F6}"
EndProject
Project("{9A19103F-16F7-4668-BE54-9A1E7A4F7556}") = "fibonacci", "fibonacci\fibonacci.csproj", "{F0985281-95FF-4703-9CA1-C3D4CD950E7B}"
EndProject
Project("{9A19103F-16F7-4668-BE54-9A1E7A4F7556}") = "Pascal", "Pascal\Pascal.csproj", "{BDDCC305-AC28-4409-BF21-CB927E88CDBC}"
EndProject
Project("{9A19103F-16F7-4668-BE54-9A1E7A4F7556}") = "villogogomb", "villogogomb\villogogomb.csproj", "{544BDCB0-5876-43FA-854C-FF5B2CDFF238}"
EndProject
Project("{9A19103F-16F7-4668-BE54-9A1E7A4F7556}") = "Hajós", "Hajós\Hajós.csproj", "{9F2B33E1-D94B-4BB5-90BD-8A01521ACF9E}"
EndProject
Project("{FAE04EC0-301F-11D3-BF4B-00C04F79EFBC}") = "példa", "példa\példa.csproj", "{BB0D26EB-7308-4F6E-AE59-4758AAB32F30}"
EndProject
Project("{FAE04EC0-301F-11D3-BF4B-00C04F79EFBC}") = "Kigyos_jatek", "Kigyos_jatek\Kigyos_jatek.csproj", "{3D2AD251-ECA0-43A8-B9BE-A5EA6476038B}"
EndProject
Global
	GlobalSection(SolutionConfigurationPlatforms) = preSolution
		Debug|Any CPU = Debug|Any CPU
		Release|Any CPU = Release|Any CPU
	EndGlobalSection
	GlobalSection(ProjectConfigurationPlatforms) = postSolution
		{A70FB04A-CF6E-4BFA-A8EE-6FF3E94A80F6}.Debug|Any CPU.ActiveCfg = Debug|Any CPU
		{A70FB04A-CF6E-4BFA-A8EE-6FF3E94A80F6}.Debug|Any CPU.Build.0 = Debug|Any CPU
		{A70FB04A-CF6E-4BFA-A8EE-6FF3E94A80F6}.Release|Any CPU.ActiveCfg = Release|Any CPU
		{A70FB04A-CF6E-4BFA-A8EE-6FF3E94A80F6}.Release|Any CPU.Build.0 = Release|Any CPU
		{F0985281-95FF-4703-9CA1-C3D4CD950E7B}.Debug|Any CPU.ActiveCfg = Debug|Any CPU
		{F0985281-95FF-4703-9CA1-C3D4CD950E7B}.Debug|Any CPU.Build.0 = Debug|Any CPU
		{F0985281-95FF-4703-9CA1-C3D4CD950E7B}.Release|Any CPU.ActiveCfg = Release|Any CPU
		{F0985281-95FF-4703-9CA1-C3D4CD950E7B}.Release|Any CPU.Build.0 = Release|Any CPU
		{BDDCC305-AC28-4409-BF21-CB927E88CDBC}.Debug|Any CPU.ActiveCfg = Debug|Any CPU
		{BDDCC305-AC28-4409-BF21-CB927E88CDBC}.Debug|Any CPU.Build.0 = Debug|Any CPU
		{BDDCC305-AC28-4409-BF21-CB927E88CDBC}.Release|Any CPU.ActiveCfg = Release|Any CPU
		{BDDCC305-AC28-4409-BF21-CB927E88CDBC}.Release|Any CPU.Build.0 = Release|Any CPU
		{544BDCB0-5876-43FA-854C-FF5B2CDFF238}.Debug|Any CPU.ActiveCfg = Debug|Any CPU
		{544BDCB0-5876-43FA-854C-FF5B2CDFF238}.Debug|Any CPU.Build.0 = Debug|Any CPU
		{544BDCB0-5876-43FA-854C-FF5B2CDFF238}.Release|Any CPU.ActiveCfg = Release|Any CPU
		{544BDCB0-5876-43FA-854C-FF5B2CDFF238}.Release|Any CPU.Build.0 = Release|Any CPU
		{9F2B33E1-D94B-4BB5-90BD-8A01521ACF9E}.Debug|Any CPU.ActiveCfg = Debug|Any CPU
		{9F2B33E1-D94B-4BB5-90BD-8A01521ACF9E}.Debug|Any CPU.Build.0 = Debug|Any CPU
		{9F2B33E1-D94B-4BB5-90BD-8A01521ACF9E}.Release|Any CPU.ActiveCfg = Release|Any CPU
		{9F2B33E1-D94B-4BB5-90BD-8A01521ACF9E}.Release|Any CPU.Build.0 = Release|Any CPU
		{BB0D26EB-7308-4F6E-AE59-4758AAB32F30}.Debug|Any CPU.ActiveCfg = Debug|Any CPU
		{BB0D26EB-7308-4F6E-AE59-4758AAB32F30}.Debug|Any CPU.Build.0 = Debug|Any CPU
		{BB0D26EB-7308-4F6E-AE59-4758AAB32F30}.Release|Any CPU.ActiveCfg = Release|Any CPU
		{BB0D26EB-7308-4F6E-AE59-4758AAB32F30}.Release|Any CPU.Build.0 = Release|Any CPU
		{3D2AD251-ECA0-43A8-B9BE-A5EA6476038B}.Debug|Any CPU.ActiveCfg = Debug|Any CPU
		{3D2AD251-ECA0-43A8-B9BE-A5EA6476038B}.Debug|Any CPU.Build.0 = Debug|Any CPU
		{3D2AD251-ECA0-43A8-B9BE-A5EA6476038B}.Release|Any CPU.ActiveCfg = Release|Any CPU
		{3D2AD251-ECA0-43A8-B9BE-A5EA6476038B}.Release|Any CPU.Build.0 = Release|Any CPU
	EndGlobalSection
	GlobalSection(SolutionProperties) = preSolution
		HideSolutionNode = FALSE
	EndGlobalSection
	GlobalSection(ExtensibilityGlobals) = postSolution
		SolutionGuid = {B80FEC09-A329-4564-A090-0FD5AF2E251E}
	EndGlobalSection
EndGlobal
